// !$*UTF8*$!
{
	archiveVersion = 1;
	classes = {
	};
	objectVersion = 48;
	objects = {

/* Begin PBXBuildFile section */
		0124D33FA3A34C9F780D34EB /* Pods_Prynt.framework in Frameworks */ = {isa = PBXBuildFile; fileRef = A9CC2F2DCA42757DB348835E /* Pods_Prynt.framework */; };
		B602F1E5204A2E66003B969B /* GoogleService-Info.plist in Resources */ = {isa = PBXBuildFile; fileRef = B602F1E4204A2E66003B969B /* GoogleService-Info.plist */; };
		B6045A562022ECC200609C9B /* PearProfileViewController.swift in Sources */ = {isa = PBXBuildFile; fileRef = B6045A552022ECC200609C9B /* PearProfileViewController.swift */; };
		B6111DC6201901F600DC7877 /* AppDelegate.swift in Sources */ = {isa = PBXBuildFile; fileRef = B6111DC5201901F600DC7877 /* AppDelegate.swift */; };
		B6111DCD201901F600DC7877 /* Main.storyboard in Resources */ = {isa = PBXBuildFile; fileRef = B6111DCB201901F600DC7877 /* Main.storyboard */; };
		B6111DCF201901F600DC7877 /* Assets.xcassets in Resources */ = {isa = PBXBuildFile; fileRef = B6111DCE201901F600DC7877 /* Assets.xcassets */; };
		B6111DD2201901F600DC7877 /* LaunchScreen.storyboard in Resources */ = {isa = PBXBuildFile; fileRef = B6111DD0201901F600DC7877 /* LaunchScreen.storyboard */; };
		B6111DDA201903F000DC7877 /* WelcomeViewController.swift in Sources */ = {isa = PBXBuildFile; fileRef = B6111DD9201903F000DC7877 /* WelcomeViewController.swift */; };
		B6111DDC20199FBC00DC7877 /* SocialProfilesViewController.swift in Sources */ = {isa = PBXBuildFile; fileRef = B6111DDB20199FBC00DC7877 /* SocialProfilesViewController.swift */; };
		B6111DDE2019A95700DC7877 /* DeleteSocialProfileViewController.swift in Sources */ = {isa = PBXBuildFile; fileRef = B6111DDD2019A95700DC7877 /* DeleteSocialProfileViewController.swift */; };
		B6111DE0201D4C1000DC7877 /* NotificationsViewController.swift in Sources */ = {isa = PBXBuildFile; fileRef = B6111DDF201D4C1000DC7877 /* NotificationsViewController.swift */; };
		B62282E120435B2E00C01F61 /* ScannerViewController.swift in Sources */ = {isa = PBXBuildFile; fileRef = B62282E020435B2E00C01F61 /* ScannerViewController.swift */; };
		B62282E92046287200C01F61 /* SettingsTableViewController.swift in Sources */ = {isa = PBXBuildFile; fileRef = B62282E82046287200C01F61 /* SettingsTableViewController.swift */; };
		B62282EB20462B3D00C01F61 /* PastPearsTableViewController.swift in Sources */ = {isa = PBXBuildFile; fileRef = B62282EA20462B3D00C01F61 /* PastPearsTableViewController.swift */; };
		B62282ED2046481C00C01F61 /* QRCodeViewController.swift in Sources */ = {isa = PBXBuildFile; fileRef = B62282EC2046481C00C01F61 /* QRCodeViewController.swift */; };
		B62282EF20464DAA00C01F61 /* ConfirmPearProfilesVC.swift in Sources */ = {isa = PBXBuildFile; fileRef = B62282EE20464DAA00C01F61 /* ConfirmPearProfilesVC.swift */; };
		B62282F1204743CF00C01F61 /* RadialProgressImageView.swift in Sources */ = {isa = PBXBuildFile; fileRef = B62282F0204743CF00C01F61 /* RadialProgressImageView.swift */; };
		B65DEEDB20E99DE40027A1EF /* RootPageViewController.swift in Sources */ = {isa = PBXBuildFile; fileRef = B65DEEDA20E99DE40027A1EF /* RootPageViewController.swift */; };
		B65DEEDD20E99E1B0027A1EF /* ActivityViewController.swift in Sources */ = {isa = PBXBuildFile; fileRef = B65DEEDC20E99E1B0027A1EF /* ActivityViewController.swift */; };
		B65DEEE120E99E450027A1EF /* ClustersViewController.swift in Sources */ = {isa = PBXBuildFile; fileRef = B65DEEE020E99E450027A1EF /* ClustersViewController.swift */; };
		B6740ED520B90ECD00ACB85F /* Gotham-XLight.otf in Resources */ = {isa = PBXBuildFile; fileRef = B6740EBC20B90EC900ACB85F /* Gotham-XLight.otf */; };
		B6740ED620B90ECD00ACB85F /* Gotham-Thin.otf in Resources */ = {isa = PBXBuildFile; fileRef = B6740EBD20B90EC900ACB85F /* Gotham-Thin.otf */; };
		B6740ED720B90ECD00ACB85F /* Gotham-Black.otf in Resources */ = {isa = PBXBuildFile; fileRef = B6740EBE20B90EC900ACB85F /* Gotham-Black.otf */; };
		B6740ED820B90ECD00ACB85F /* Gotham-XLightItalic.otf in Resources */ = {isa = PBXBuildFile; fileRef = B6740EBF20B90EC900ACB85F /* Gotham-XLightItalic.otf */; };
		B6740ED920B90ECD00ACB85F /* Gotham-Medium.otf in Resources */ = {isa = PBXBuildFile; fileRef = B6740EC020B90EC900ACB85F /* Gotham-Medium.otf */; };
		B6740EDA20B90ECD00ACB85F /* Gotham-Book.otf in Resources */ = {isa = PBXBuildFile; fileRef = B6740EC120B90EC900ACB85F /* Gotham-Book.otf */; };
		B6740EDB20B90ECD00ACB85F /* Gotham-UltraItalic.otf in Resources */ = {isa = PBXBuildFile; fileRef = B6740EC220B90EC900ACB85F /* Gotham-UltraItalic.otf */; };
		B6740EDC20B90ECD00ACB85F /* Gotham-Bold.otf in Resources */ = {isa = PBXBuildFile; fileRef = B6740EC320B90EC900ACB85F /* Gotham-Bold.otf */; };
		B6740EDD20B90ECD00ACB85F /* Gotham-Ultra.otf in Resources */ = {isa = PBXBuildFile; fileRef = B6740EC420B90EC900ACB85F /* Gotham-Ultra.otf */; };
		B6740EDE20B90ECD00ACB85F /* Gotham-LightItalic.otf in Resources */ = {isa = PBXBuildFile; fileRef = B6740EC520B90EC900ACB85F /* Gotham-LightItalic.otf */; };
		B6740EDF20B90ECD00ACB85F /* Gotham-ThinItalic.otf in Resources */ = {isa = PBXBuildFile; fileRef = B6740EC620B90EC900ACB85F /* Gotham-ThinItalic.otf */; };
		B6740EE020B90ECD00ACB85F /* Gotham-Light.otf in Resources */ = {isa = PBXBuildFile; fileRef = B6740EC720B90EC900ACB85F /* Gotham-Light.otf */; };
		B6740EE120B90ECD00ACB85F /* Gotham-BoldItalic.otf in Resources */ = {isa = PBXBuildFile; fileRef = B6740EC820B90EC900ACB85F /* Gotham-BoldItalic.otf */; };
		B6740EE220B90ECD00ACB85F /* Gotham-BookItalic.otf in Resources */ = {isa = PBXBuildFile; fileRef = B6740EC920B90EC900ACB85F /* Gotham-BookItalic.otf */; };
		B6740EE320B90ECD00ACB85F /* Gotham-BlackItalic.otf in Resources */ = {isa = PBXBuildFile; fileRef = B6740ECA20B90EC900ACB85F /* Gotham-BlackItalic.otf */; };
		B6740EE420B90ECD00ACB85F /* Gotham-MediumItalic.otf in Resources */ = {isa = PBXBuildFile; fileRef = B6740ECB20B90EC900ACB85F /* Gotham-MediumItalic.otf */; };
		B6740EE520B90ECD00ACB85F /* GothamRnd-Bold.otf in Resources */ = {isa = PBXBuildFile; fileRef = B6740ECD20B90EC900ACB85F /* GothamRnd-Bold.otf */; };
		B6740EE620B90ECD00ACB85F /* GothamRnd-Light.otf in Resources */ = {isa = PBXBuildFile; fileRef = B6740ECE20B90EC900ACB85F /* GothamRnd-Light.otf */; };
		B6740EE720B90ECD00ACB85F /* GothamRnd-Book.otf in Resources */ = {isa = PBXBuildFile; fileRef = B6740ECF20B90EC900ACB85F /* GothamRnd-Book.otf */; };
		B6740EE820B90ECD00ACB85F /* GothamRnd-Medium.otf in Resources */ = {isa = PBXBuildFile; fileRef = B6740ED020B90EC900ACB85F /* GothamRnd-Medium.otf */; };
		B6740EE920B90ECD00ACB85F /* GothamRnd-LightItal.otf in Resources */ = {isa = PBXBuildFile; fileRef = B6740ED120B90EC900ACB85F /* GothamRnd-LightItal.otf */; };
		B6740EEA20B90ECD00ACB85F /* GothamRnd-BoldItal.otf in Resources */ = {isa = PBXBuildFile; fileRef = B6740ED220B90EC900ACB85F /* GothamRnd-BoldItal.otf */; };
		B6740EEB20B90ECD00ACB85F /* GothamRnd-MedItal.otf in Resources */ = {isa = PBXBuildFile; fileRef = B6740ED320B90EC900ACB85F /* GothamRnd-MedItal.otf */; };
		B6740EEC20B90ECD00ACB85F /* GothamRnd-BookItal.otf in Resources */ = {isa = PBXBuildFile; fileRef = B6740ED420B90EC900ACB85F /* GothamRnd-BookItal.otf */; };
		B67A37062039E52D00A72456 /* Extensions.swift in Sources */ = {isa = PBXBuildFile; fileRef = B67A37052039E52D00A72456 /* Extensions.swift */; };
		B67A37082039FC7F00A72456 /* PearTextField.swift in Sources */ = {isa = PBXBuildFile; fileRef = B67A37072039FC7F00A72456 /* PearTextField.swift */; };
		B67A370A203A13E500A72456 /* SocialProfileConstructionViewController.swift in Sources */ = {isa = PBXBuildFile; fileRef = B67A3709203A13E500A72456 /* SocialProfileConstructionViewController.swift */; };
		B67A370C203A144000A72456 /* NetworkCollectionCell.swift in Sources */ = {isa = PBXBuildFile; fileRef = B67A370B203A144000A72456 /* NetworkCollectionCell.swift */; };
		B67A370E203A1B2D00A72456 /* AddNewServiceViewController.swift in Sources */ = {isa = PBXBuildFile; fileRef = B67A370D203A1B2D00A72456 /* AddNewServiceViewController.swift */; };
		B69DED9F2096A8460084C1E0 /* LoginViewController.swift in Sources */ = {isa = PBXBuildFile; fileRef = B69DED9E2096A8460084C1E0 /* LoginViewController.swift */; };
		B69DEDA1209904BC0084C1E0 /* PearTabBarController.swift in Sources */ = {isa = PBXBuildFile; fileRef = B69DEDA0209904BC0084C1E0 /* PearTabBarController.swift */; };
		B69DEDA3209909860084C1E0 /* PearTabViewController.swift in Sources */ = {isa = PBXBuildFile; fileRef = B69DEDA2209909860084C1E0 /* PearTabViewController.swift */; };
		B6B3BE1D206D839600A70F47 /* InitialRegistrationViewController.swift in Sources */ = {isa = PBXBuildFile; fileRef = B6B3BE1C206D839600A70F47 /* InitialRegistrationViewController.swift */; };
		B6B3BE1F206D83B900A70F47 /* FinalRegistrationViewController.swift in Sources */ = {isa = PBXBuildFile; fileRef = B6B3BE1E206D83B900A70F47 /* FinalRegistrationViewController.swift */; };
		B6C945E220AE1B91000374DE /* PearProfileSelectionVC.swift in Sources */ = {isa = PBXBuildFile; fileRef = B6C945E120AE1B91000374DE /* PearProfileSelectionVC.swift */; };
		B6C945E420AE32FC000374DE /* PearTransaction.swift in Sources */ = {isa = PBXBuildFile; fileRef = B6C945E320AE32FC000374DE /* PearTransaction.swift */; };
		B6C945E620AE4601000374DE /* PearPendingTransaction.swift in Sources */ = {isa = PBXBuildFile; fileRef = B6C945E520AE4601000374DE /* PearPendingTransaction.swift */; };
		B6E4468920BA1CE8006C6B5B /* UserValidationViewController.swift in Sources */ = {isa = PBXBuildFile; fileRef = B6E4468820BA1CE8006C6B5B /* UserValidationViewController.swift */; };
		B6FE7A082080079100F60838 /* PearUser.swift in Sources */ = {isa = PBXBuildFile; fileRef = B6FE7A072080079100F60838 /* PearUser.swift */; };
		B6FE7A0A20801C0400F60838 /* PostRegistrationViewController.swift in Sources */ = {isa = PBXBuildFile; fileRef = B6FE7A0920801C0400F60838 /* PostRegistrationViewController.swift */; };
		B6FE7A0C2080257400F60838 /* PearViewControllers.swift in Sources */ = {isa = PBXBuildFile; fileRef = B6FE7A0B2080257400F60838 /* PearViewControllers.swift */; };
		B6FE7A0F208026AE00F60838 /* CreateSocialProfileViewController.swift in Sources */ = {isa = PBXBuildFile; fileRef = B6FE7A0E208026AE00F60838 /* CreateSocialProfileViewController.swift */; };
		B6FE7A11208028F200F60838 /* SocialService.swift in Sources */ = {isa = PBXBuildFile; fileRef = B6FE7A10208028F200F60838 /* SocialService.swift */; };
		B6FE7A132080307000F60838 /* SocialProfile.swift in Sources */ = {isa = PBXBuildFile; fileRef = B6FE7A122080307000F60838 /* SocialProfile.swift */; };
/* End PBXBuildFile section */

/* Begin PBXFileReference section */
		251F70554224E7A5C6E40FDC /* Pods-Prynt.release.xcconfig */ = {isa = PBXFileReference; includeInIndex = 1; lastKnownFileType = text.xcconfig; name = "Pods-Prynt.release.xcconfig"; path = "Pods/Target Support Files/Pods-Prynt/Pods-Prynt.release.xcconfig"; sourceTree = "<group>"; };
		A9CC2F2DCA42757DB348835E /* Pods_Prynt.framework */ = {isa = PBXFileReference; explicitFileType = wrapper.framework; includeInIndex = 0; path = Pods_Prynt.framework; sourceTree = BUILT_PRODUCTS_DIR; };
		B2B0D9851E45212791C146C3 /* Pods-Prynt.debug.xcconfig */ = {isa = PBXFileReference; includeInIndex = 1; lastKnownFileType = text.xcconfig; name = "Pods-Prynt.debug.xcconfig"; path = "Pods/Target Support Files/Pods-Prynt/Pods-Prynt.debug.xcconfig"; sourceTree = "<group>"; };
		B602F1E4204A2E66003B969B /* GoogleService-Info.plist */ = {isa = PBXFileReference; fileEncoding = 4; lastKnownFileType = text.plist.xml; path = "GoogleService-Info.plist"; sourceTree = "<group>"; };
		B6045A552022ECC200609C9B /* PearProfileViewController.swift */ = {isa = PBXFileReference; lastKnownFileType = sourcecode.swift; path = PearProfileViewController.swift; sourceTree = "<group>"; };
		B6111DC2201901F600DC7877 /* Prynt.app */ = {isa = PBXFileReference; explicitFileType = wrapper.application; includeInIndex = 0; path = Prynt.app; sourceTree = BUILT_PRODUCTS_DIR; };
		B6111DC5201901F600DC7877 /* AppDelegate.swift */ = {isa = PBXFileReference; lastKnownFileType = sourcecode.swift; path = AppDelegate.swift; sourceTree = "<group>"; };
		B6111DCC201901F600DC7877 /* Base */ = {isa = PBXFileReference; lastKnownFileType = file.storyboard; name = Base; path = Base.lproj/Main.storyboard; sourceTree = "<group>"; };
		B6111DCE201901F600DC7877 /* Assets.xcassets */ = {isa = PBXFileReference; lastKnownFileType = folder.assetcatalog; path = Assets.xcassets; sourceTree = "<group>"; };
		B6111DD1201901F600DC7877 /* Base */ = {isa = PBXFileReference; lastKnownFileType = file.storyboard; name = Base; path = Base.lproj/LaunchScreen.storyboard; sourceTree = "<group>"; };
		B6111DD3201901F600DC7877 /* Info.plist */ = {isa = PBXFileReference; lastKnownFileType = text.plist.xml; path = Info.plist; sourceTree = "<group>"; };
		B6111DD9201903F000DC7877 /* WelcomeViewController.swift */ = {isa = PBXFileReference; lastKnownFileType = sourcecode.swift; path = WelcomeViewController.swift; sourceTree = "<group>"; };
		B6111DDB20199FBC00DC7877 /* SocialProfilesViewController.swift */ = {isa = PBXFileReference; lastKnownFileType = sourcecode.swift; path = SocialProfilesViewController.swift; sourceTree = "<group>"; };
		B6111DDD2019A95700DC7877 /* DeleteSocialProfileViewController.swift */ = {isa = PBXFileReference; lastKnownFileType = sourcecode.swift; path = DeleteSocialProfileViewController.swift; sourceTree = "<group>"; };
		B6111DDF201D4C1000DC7877 /* NotificationsViewController.swift */ = {isa = PBXFileReference; lastKnownFileType = sourcecode.swift; path = NotificationsViewController.swift; sourceTree = "<group>"; };
		B62282E020435B2E00C01F61 /* ScannerViewController.swift */ = {isa = PBXFileReference; lastKnownFileType = sourcecode.swift; name = ScannerViewController.swift; path = ../Pearing/ScannerViewController.swift; sourceTree = "<group>"; };
		B62282E82046287200C01F61 /* SettingsTableViewController.swift */ = {isa = PBXFileReference; lastKnownFileType = sourcecode.swift; path = SettingsTableViewController.swift; sourceTree = "<group>"; };
		B62282EA20462B3D00C01F61 /* PastPearsTableViewController.swift */ = {isa = PBXFileReference; lastKnownFileType = sourcecode.swift; path = PastPearsTableViewController.swift; sourceTree = "<group>"; };
		B62282EC2046481C00C01F61 /* QRCodeViewController.swift */ = {isa = PBXFileReference; lastKnownFileType = sourcecode.swift; path = QRCodeViewController.swift; sourceTree = "<group>"; };
		B62282EE20464DAA00C01F61 /* ConfirmPearProfilesVC.swift */ = {isa = PBXFileReference; lastKnownFileType = sourcecode.swift; path = ConfirmPearProfilesVC.swift; sourceTree = "<group>"; };
		B62282F0204743CF00C01F61 /* RadialProgressImageView.swift */ = {isa = PBXFileReference; lastKnownFileType = sourcecode.swift; path = RadialProgressImageView.swift; sourceTree = "<group>"; };
		B65DEEDA20E99DE40027A1EF /* RootPageViewController.swift */ = {isa = PBXFileReference; lastKnownFileType = sourcecode.swift; path = RootPageViewController.swift; sourceTree = "<group>"; };
		B65DEEDC20E99E1B0027A1EF /* ActivityViewController.swift */ = {isa = PBXFileReference; lastKnownFileType = sourcecode.swift; path = ActivityViewController.swift; sourceTree = "<group>"; };
		B65DEEE020E99E450027A1EF /* ClustersViewController.swift */ = {isa = PBXFileReference; lastKnownFileType = sourcecode.swift; path = ClustersViewController.swift; sourceTree = "<group>"; };
		B6740EBC20B90EC900ACB85F /* Gotham-XLight.otf */ = {isa = PBXFileReference; lastKnownFileType = file; path = "Gotham-XLight.otf"; sourceTree = "<group>"; };
		B6740EBD20B90EC900ACB85F /* Gotham-Thin.otf */ = {isa = PBXFileReference; lastKnownFileType = file; path = "Gotham-Thin.otf"; sourceTree = "<group>"; };
		B6740EBE20B90EC900ACB85F /* Gotham-Black.otf */ = {isa = PBXFileReference; lastKnownFileType = file; path = "Gotham-Black.otf"; sourceTree = "<group>"; };
		B6740EBF20B90EC900ACB85F /* Gotham-XLightItalic.otf */ = {isa = PBXFileReference; lastKnownFileType = file; path = "Gotham-XLightItalic.otf"; sourceTree = "<group>"; };
		B6740EC020B90EC900ACB85F /* Gotham-Medium.otf */ = {isa = PBXFileReference; lastKnownFileType = file; path = "Gotham-Medium.otf"; sourceTree = "<group>"; };
		B6740EC120B90EC900ACB85F /* Gotham-Book.otf */ = {isa = PBXFileReference; lastKnownFileType = file; path = "Gotham-Book.otf"; sourceTree = "<group>"; };
		B6740EC220B90EC900ACB85F /* Gotham-UltraItalic.otf */ = {isa = PBXFileReference; lastKnownFileType = file; path = "Gotham-UltraItalic.otf"; sourceTree = "<group>"; };
		B6740EC320B90EC900ACB85F /* Gotham-Bold.otf */ = {isa = PBXFileReference; lastKnownFileType = file; path = "Gotham-Bold.otf"; sourceTree = "<group>"; };
		B6740EC420B90EC900ACB85F /* Gotham-Ultra.otf */ = {isa = PBXFileReference; lastKnownFileType = file; path = "Gotham-Ultra.otf"; sourceTree = "<group>"; };
		B6740EC520B90EC900ACB85F /* Gotham-LightItalic.otf */ = {isa = PBXFileReference; lastKnownFileType = file; path = "Gotham-LightItalic.otf"; sourceTree = "<group>"; };
		B6740EC620B90EC900ACB85F /* Gotham-ThinItalic.otf */ = {isa = PBXFileReference; lastKnownFileType = file; path = "Gotham-ThinItalic.otf"; sourceTree = "<group>"; };
		B6740EC720B90EC900ACB85F /* Gotham-Light.otf */ = {isa = PBXFileReference; lastKnownFileType = file; path = "Gotham-Light.otf"; sourceTree = "<group>"; };
		B6740EC820B90EC900ACB85F /* Gotham-BoldItalic.otf */ = {isa = PBXFileReference; lastKnownFileType = file; path = "Gotham-BoldItalic.otf"; sourceTree = "<group>"; };
		B6740EC920B90EC900ACB85F /* Gotham-BookItalic.otf */ = {isa = PBXFileReference; lastKnownFileType = file; path = "Gotham-BookItalic.otf"; sourceTree = "<group>"; };
		B6740ECA20B90EC900ACB85F /* Gotham-BlackItalic.otf */ = {isa = PBXFileReference; lastKnownFileType = file; path = "Gotham-BlackItalic.otf"; sourceTree = "<group>"; };
		B6740ECB20B90EC900ACB85F /* Gotham-MediumItalic.otf */ = {isa = PBXFileReference; lastKnownFileType = file; path = "Gotham-MediumItalic.otf"; sourceTree = "<group>"; };
		B6740ECD20B90EC900ACB85F /* GothamRnd-Bold.otf */ = {isa = PBXFileReference; lastKnownFileType = file; path = "GothamRnd-Bold.otf"; sourceTree = "<group>"; };
		B6740ECE20B90EC900ACB85F /* GothamRnd-Light.otf */ = {isa = PBXFileReference; lastKnownFileType = file; path = "GothamRnd-Light.otf"; sourceTree = "<group>"; };
		B6740ECF20B90EC900ACB85F /* GothamRnd-Book.otf */ = {isa = PBXFileReference; lastKnownFileType = file; path = "GothamRnd-Book.otf"; sourceTree = "<group>"; };
		B6740ED020B90EC900ACB85F /* GothamRnd-Medium.otf */ = {isa = PBXFileReference; lastKnownFileType = file; path = "GothamRnd-Medium.otf"; sourceTree = "<group>"; };
		B6740ED120B90EC900ACB85F /* GothamRnd-LightItal.otf */ = {isa = PBXFileReference; lastKnownFileType = file; path = "GothamRnd-LightItal.otf"; sourceTree = "<group>"; };
		B6740ED220B90EC900ACB85F /* GothamRnd-BoldItal.otf */ = {isa = PBXFileReference; lastKnownFileType = file; path = "GothamRnd-BoldItal.otf"; sourceTree = "<group>"; };
		B6740ED320B90EC900ACB85F /* GothamRnd-MedItal.otf */ = {isa = PBXFileReference; lastKnownFileType = file; path = "GothamRnd-MedItal.otf"; sourceTree = "<group>"; };
		B6740ED420B90EC900ACB85F /* GothamRnd-BookItal.otf */ = {isa = PBXFileReference; lastKnownFileType = file; path = "GothamRnd-BookItal.otf"; sourceTree = "<group>"; };
		B67A37052039E52D00A72456 /* Extensions.swift */ = {isa = PBXFileReference; lastKnownFileType = sourcecode.swift; path = Extensions.swift; sourceTree = "<group>"; };
		B67A37072039FC7F00A72456 /* PearTextField.swift */ = {isa = PBXFileReference; lastKnownFileType = sourcecode.swift; path = PearTextField.swift; sourceTree = "<group>"; };
		B67A3709203A13E500A72456 /* SocialProfileConstructionViewController.swift */ = {isa = PBXFileReference; lastKnownFileType = sourcecode.swift; path = SocialProfileConstructionViewController.swift; sourceTree = "<group>"; };
		B67A370B203A144000A72456 /* NetworkCollectionCell.swift */ = {isa = PBXFileReference; lastKnownFileType = sourcecode.swift; path = NetworkCollectionCell.swift; sourceTree = "<group>"; };
		B67A370D203A1B2D00A72456 /* AddNewServiceViewController.swift */ = {isa = PBXFileReference; lastKnownFileType = sourcecode.swift; path = AddNewServiceViewController.swift; sourceTree = "<group>"; };
		B69DED9E2096A8460084C1E0 /* LoginViewController.swift */ = {isa = PBXFileReference; lastKnownFileType = sourcecode.swift; path = LoginViewController.swift; sourceTree = "<group>"; };
		B69DEDA0209904BC0084C1E0 /* PearTabBarController.swift */ = {isa = PBXFileReference; lastKnownFileType = sourcecode.swift; path = PearTabBarController.swift; sourceTree = "<group>"; };
		B69DEDA2209909860084C1E0 /* PearTabViewController.swift */ = {isa = PBXFileReference; lastKnownFileType = sourcecode.swift; path = PearTabViewController.swift; sourceTree = "<group>"; };
		B6B3BE1C206D839600A70F47 /* InitialRegistrationViewController.swift */ = {isa = PBXFileReference; lastKnownFileType = sourcecode.swift; path = InitialRegistrationViewController.swift; sourceTree = "<group>"; };
		B6B3BE1E206D83B900A70F47 /* FinalRegistrationViewController.swift */ = {isa = PBXFileReference; lastKnownFileType = sourcecode.swift; path = FinalRegistrationViewController.swift; sourceTree = "<group>"; };
		B6C945E120AE1B91000374DE /* PearProfileSelectionVC.swift */ = {isa = PBXFileReference; lastKnownFileType = sourcecode.swift; path = PearProfileSelectionVC.swift; sourceTree = "<group>"; };
		B6C945E320AE32FC000374DE /* PearTransaction.swift */ = {isa = PBXFileReference; lastKnownFileType = sourcecode.swift; path = PearTransaction.swift; sourceTree = "<group>"; };
		B6C945E520AE4601000374DE /* PearPendingTransaction.swift */ = {isa = PBXFileReference; lastKnownFileType = sourcecode.swift; path = PearPendingTransaction.swift; sourceTree = "<group>"; };
		B6E4468820BA1CE8006C6B5B /* UserValidationViewController.swift */ = {isa = PBXFileReference; lastKnownFileType = sourcecode.swift; path = UserValidationViewController.swift; sourceTree = "<group>"; };
		B6FE7A072080079100F60838 /* PearUser.swift */ = {isa = PBXFileReference; lastKnownFileType = sourcecode.swift; name = PearUser.swift; path = ../PearUser.swift; sourceTree = "<group>"; };
		B6FE7A0920801C0400F60838 /* PostRegistrationViewController.swift */ = {isa = PBXFileReference; lastKnownFileType = sourcecode.swift; path = PostRegistrationViewController.swift; sourceTree = "<group>"; };
		B6FE7A0B2080257400F60838 /* PearViewControllers.swift */ = {isa = PBXFileReference; lastKnownFileType = sourcecode.swift; path = PearViewControllers.swift; sourceTree = "<group>"; };
		B6FE7A0E208026AE00F60838 /* CreateSocialProfileViewController.swift */ = {isa = PBXFileReference; lastKnownFileType = sourcecode.swift; path = CreateSocialProfileViewController.swift; sourceTree = "<group>"; };
		B6FE7A10208028F200F60838 /* SocialService.swift */ = {isa = PBXFileReference; lastKnownFileType = sourcecode.swift; path = SocialService.swift; sourceTree = "<group>"; };
		B6FE7A122080307000F60838 /* SocialProfile.swift */ = {isa = PBXFileReference; lastKnownFileType = sourcecode.swift; path = SocialProfile.swift; sourceTree = "<group>"; };
/* End PBXFileReference section */

/* Begin PBXFrameworksBuildPhase section */
		B6111DBF201901F600DC7877 /* Frameworks */ = {
			isa = PBXFrameworksBuildPhase;
			buildActionMask = 2147483647;
			files = (
				0124D33FA3A34C9F780D34EB /* Pods_Prynt.framework in Frameworks */,
			);
			runOnlyForDeploymentPostprocessing = 0;
		};
/* End PBXFrameworksBuildPhase section */

/* Begin PBXGroup section */
		B6111DB9201901F600DC7877 = {
			isa = PBXGroup;
			children = (
				B6111DC4201901F600DC7877 /* Pear */,
				B6111DC3201901F600DC7877 /* Products */,
				C60B1EBE86204C5795FAD7C1 /* Pods */,
				C8F115107479D5A94EDDF343 /* Frameworks */,
			);
			sourceTree = "<group>";
		};
		B6111DC3201901F600DC7877 /* Products */ = {
			isa = PBXGroup;
			children = (
				B6111DC2201901F600DC7877 /* Prynt.app */,
			);
			name = Products;
			sourceTree = "<group>";
		};
		B6111DC4201901F600DC7877 /* Pear */ = {
			isa = PBXGroup;
			children = (
				B65DEED920E99DB20027A1EF /* Main Interface */,
				B62282E22046279B00C01F61 /* Onboarding */,
				B6FE7A0D2080264000F60838 /* SocialProfileCreation */,
				B62282E72046283200C01F61 /* Pearing */,
				B62282E3204627AA00C01F61 /* Profiles */,
				B62282E6204627F100C01F61 /* Settings */,
				B62282E5204627EA00C01F61 /* Notifications */,
				B62282E4204627BD00C01F61 /* General */,
				B6111DCB201901F600DC7877 /* Main.storyboard */,
				B6111DCE201901F600DC7877 /* Assets.xcassets */,
				B6111DD0201901F600DC7877 /* LaunchScreen.storyboard */,
				B6740EBA20B90EC900ACB85F /* Fonts */,
				B602F1E4204A2E66003B969B /* GoogleService-Info.plist */,
				B6111DD3201901F600DC7877 /* Info.plist */,
			);
			path = Pear;
			sourceTree = "<group>";
		};
		B62282E22046279B00C01F61 /* Onboarding */ = {
			isa = PBXGroup;
			children = (
				B6E4468820BA1CE8006C6B5B /* UserValidationViewController.swift */,
				B6111DD9201903F000DC7877 /* WelcomeViewController.swift */,
				B69DED9E2096A8460084C1E0 /* LoginViewController.swift */,
				B6B3BE1C206D839600A70F47 /* InitialRegistrationViewController.swift */,
				B6B3BE1E206D83B900A70F47 /* FinalRegistrationViewController.swift */,
				B6FE7A0920801C0400F60838 /* PostRegistrationViewController.swift */,
			);
			path = Onboarding;
			sourceTree = "<group>";
		};
		B62282E3204627AA00C01F61 /* Profiles */ = {
			isa = PBXGroup;
			children = (
				B6111DDB20199FBC00DC7877 /* SocialProfilesViewController.swift */,
				B6045A552022ECC200609C9B /* PearProfileViewController.swift */,
				B62282EA20462B3D00C01F61 /* PastPearsTableViewController.swift */,
				B6111DDD2019A95700DC7877 /* DeleteSocialProfileViewController.swift */,
			);
			path = Profiles;
			sourceTree = "<group>";
		};
		B62282E4204627BD00C01F61 /* General */ = {
			isa = PBXGroup;
			children = (
				B6111DC5201901F600DC7877 /* AppDelegate.swift */,
				B62282F0204743CF00C01F61 /* RadialProgressImageView.swift */,
				B67A37072039FC7F00A72456 /* PearTextField.swift */,
				B67A37052039E52D00A72456 /* Extensions.swift */,
				B6FE7A0B2080257400F60838 /* PearViewControllers.swift */,
				B69DEDA2209909860084C1E0 /* PearTabViewController.swift */,
				B69DEDA0209904BC0084C1E0 /* PearTabBarController.swift */,
				B6FE7A072080079100F60838 /* PearUser.swift */,
				B6C945E320AE32FC000374DE /* PearTransaction.swift */,
				B6C945E520AE4601000374DE /* PearPendingTransaction.swift */,
				B6FE7A10208028F200F60838 /* SocialService.swift */,
				B6FE7A122080307000F60838 /* SocialProfile.swift */,
			);
			path = General;
			sourceTree = "<group>";
		};
		B62282E5204627EA00C01F61 /* Notifications */ = {
			isa = PBXGroup;
			children = (
				B6111DDF201D4C1000DC7877 /* NotificationsViewController.swift */,
			);
			path = Notifications;
			sourceTree = "<group>";
		};
		B62282E6204627F100C01F61 /* Settings */ = {
			isa = PBXGroup;
			children = (
				B62282E82046287200C01F61 /* SettingsTableViewController.swift */,
			);
			path = Settings;
			sourceTree = "<group>";
		};
		B62282E72046283200C01F61 /* Pearing */ = {
			isa = PBXGroup;
			children = (
				B6C945E120AE1B91000374DE /* PearProfileSelectionVC.swift */,
				B62282EE20464DAA00C01F61 /* ConfirmPearProfilesVC.swift */,
				B62282EC2046481C00C01F61 /* QRCodeViewController.swift */,
			);
			path = Pearing;
			sourceTree = "<group>";
		};
		B65DEED920E99DB20027A1EF /* Main Interface */ = {
			isa = PBXGroup;
			children = (
				B65DEEDA20E99DE40027A1EF /* RootPageViewController.swift */,
				B65DEEDC20E99E1B0027A1EF /* ActivityViewController.swift */,
				B62282E020435B2E00C01F61 /* ScannerViewController.swift */,
				B65DEEE020E99E450027A1EF /* ClustersViewController.swift */,
			);
			path = "Main Interface";
			sourceTree = "<group>";
		};
		B6740EBA20B90EC900ACB85F /* Fonts */ = {
			isa = PBXGroup;
			children = (
				B6740EBB20B90EC900ACB85F /* Gotham */,
				B6740ECC20B90EC900ACB85F /* Gotham Rounded */,
			);
			path = Fonts;
			sourceTree = "<group>";
		};
		B6740EBB20B90EC900ACB85F /* Gotham */ = {
			isa = PBXGroup;
			children = (
				B6740EBC20B90EC900ACB85F /* Gotham-XLight.otf */,
				B6740EBD20B90EC900ACB85F /* Gotham-Thin.otf */,
				B6740EBE20B90EC900ACB85F /* Gotham-Black.otf */,
				B6740EBF20B90EC900ACB85F /* Gotham-XLightItalic.otf */,
				B6740EC020B90EC900ACB85F /* Gotham-Medium.otf */,
				B6740EC120B90EC900ACB85F /* Gotham-Book.otf */,
				B6740EC220B90EC900ACB85F /* Gotham-UltraItalic.otf */,
				B6740EC320B90EC900ACB85F /* Gotham-Bold.otf */,
				B6740EC420B90EC900ACB85F /* Gotham-Ultra.otf */,
				B6740EC520B90EC900ACB85F /* Gotham-LightItalic.otf */,
				B6740EC620B90EC900ACB85F /* Gotham-ThinItalic.otf */,
				B6740EC720B90EC900ACB85F /* Gotham-Light.otf */,
				B6740EC820B90EC900ACB85F /* Gotham-BoldItalic.otf */,
				B6740EC920B90EC900ACB85F /* Gotham-BookItalic.otf */,
				B6740ECA20B90EC900ACB85F /* Gotham-BlackItalic.otf */,
				B6740ECB20B90EC900ACB85F /* Gotham-MediumItalic.otf */,
			);
			path = Gotham;
			sourceTree = "<group>";
		};
		B6740ECC20B90EC900ACB85F /* Gotham Rounded */ = {
			isa = PBXGroup;
			children = (
				B6740ECD20B90EC900ACB85F /* GothamRnd-Bold.otf */,
				B6740ECE20B90EC900ACB85F /* GothamRnd-Light.otf */,
				B6740ECF20B90EC900ACB85F /* GothamRnd-Book.otf */,
				B6740ED020B90EC900ACB85F /* GothamRnd-Medium.otf */,
				B6740ED120B90EC900ACB85F /* GothamRnd-LightItal.otf */,
				B6740ED220B90EC900ACB85F /* GothamRnd-BoldItal.otf */,
				B6740ED320B90EC900ACB85F /* GothamRnd-MedItal.otf */,
				B6740ED420B90EC900ACB85F /* GothamRnd-BookItal.otf */,
			);
			path = "Gotham Rounded";
			sourceTree = "<group>";
		};
		B6FE7A0D2080264000F60838 /* SocialProfileCreation */ = {
			isa = PBXGroup;
			children = (
				B6FE7A0E208026AE00F60838 /* CreateSocialProfileViewController.swift */,
				B67A3709203A13E500A72456 /* SocialProfileConstructionViewController.swift */,
				B67A370B203A144000A72456 /* NetworkCollectionCell.swift */,
				B67A370D203A1B2D00A72456 /* AddNewServiceViewController.swift */,
			);
			path = SocialProfileCreation;
			sourceTree = "<group>";
		};
		C60B1EBE86204C5795FAD7C1 /* Pods */ = {
			isa = PBXGroup;
			children = (
				B2B0D9851E45212791C146C3 /* Pods-Prynt.debug.xcconfig */,
				251F70554224E7A5C6E40FDC /* Pods-Prynt.release.xcconfig */,
			);
			name = Pods;
			sourceTree = "<group>";
		};
		C8F115107479D5A94EDDF343 /* Frameworks */ = {
			isa = PBXGroup;
			children = (
				A9CC2F2DCA42757DB348835E /* Pods_Prynt.framework */,
			);
			name = Frameworks;
			sourceTree = "<group>";
		};
/* End PBXGroup section */

/* Begin PBXNativeTarget section */
		B6111DC1201901F600DC7877 /* Prynt */ = {
			isa = PBXNativeTarget;
			buildConfigurationList = B6111DD6201901F600DC7877 /* Build configuration list for PBXNativeTarget "Prynt" */;
			buildPhases = (
				E3714A2A06CDF42112218FB3 /* [CP] Check Pods Manifest.lock */,
				B6111DBE201901F600DC7877 /* Sources */,
				B6111DBF201901F600DC7877 /* Frameworks */,
				B6111DC0201901F600DC7877 /* Resources */,
				08AFBF4DF7E216DAFEBFFBF2 /* [CP] Embed Pods Frameworks */,
			);
			buildRules = (
			);
			dependencies = (
			);
			name = Prynt;
			productName = Pear;
			productReference = B6111DC2201901F600DC7877 /* Prynt.app */;
			productType = "com.apple.product-type.application";
		};
/* End PBXNativeTarget section */

/* Begin PBXProject section */
		B6111DBA201901F600DC7877 /* Project object */ = {
			isa = PBXProject;
			attributes = {
				LastSwiftUpdateCheck = 0920;
				LastUpgradeCheck = 0930;
				ORGANIZATIONNAME = "Dominic Holmes";
				TargetAttributes = {
					B6111DC1201901F600DC7877 = {
						CreatedOnToolsVersion = 9.2;
						ProvisioningStyle = Automatic;
					};
				};
			};
			buildConfigurationList = B6111DBD201901F600DC7877 /* Build configuration list for PBXProject "Prynt" */;
			compatibilityVersion = "Xcode 8.0";
			developmentRegion = en;
			hasScannedForEncodings = 0;
			knownRegions = (
				en,
				Base,
			);
			mainGroup = B6111DB9201901F600DC7877;
			productRefGroup = B6111DC3201901F600DC7877 /* Products */;
			projectDirPath = "";
			projectRoot = "";
			targets = (
				B6111DC1201901F600DC7877 /* Prynt */,
			);
		};
/* End PBXProject section */

/* Begin PBXResourcesBuildPhase section */
		B6111DC0201901F600DC7877 /* Resources */ = {
			isa = PBXResourcesBuildPhase;
			buildActionMask = 2147483647;
			files = (
				B6740EDC20B90ECD00ACB85F /* Gotham-Bold.otf in Resources */,
				B6740ED920B90ECD00ACB85F /* Gotham-Medium.otf in Resources */,
				B6740EE920B90ECD00ACB85F /* GothamRnd-LightItal.otf in Resources */,
				B6740ED620B90ECD00ACB85F /* Gotham-Thin.otf in Resources */,
				B6740EDA20B90ECD00ACB85F /* Gotham-Book.otf in Resources */,
				B6740EEA20B90ECD00ACB85F /* GothamRnd-BoldItal.otf in Resources */,
				B6740EE320B90ECD00ACB85F /* Gotham-BlackItalic.otf in Resources */,
				B6740EDD20B90ECD00ACB85F /* Gotham-Ultra.otf in Resources */,
				B6740EE420B90ECD00ACB85F /* Gotham-MediumItalic.otf in Resources */,
				B6740EE520B90ECD00ACB85F /* GothamRnd-Bold.otf in Resources */,
				B6740ED820B90ECD00ACB85F /* Gotham-XLightItalic.otf in Resources */,
				B6740EE220B90ECD00ACB85F /* Gotham-BookItalic.otf in Resources */,
				B6740EDE20B90ECD00ACB85F /* Gotham-LightItalic.otf in Resources */,
				B6740ED720B90ECD00ACB85F /* Gotham-Black.otf in Resources */,
				B6111DD2201901F600DC7877 /* LaunchScreen.storyboard in Resources */,
				B6740EE820B90ECD00ACB85F /* GothamRnd-Medium.otf in Resources */,
				B602F1E5204A2E66003B969B /* GoogleService-Info.plist in Resources */,
				B6740EEB20B90ECD00ACB85F /* GothamRnd-MedItal.otf in Resources */,
				B6740EDF20B90ECD00ACB85F /* Gotham-ThinItalic.otf in Resources */,
				B6740EEC20B90ECD00ACB85F /* GothamRnd-BookItal.otf in Resources */,
				B6111DCF201901F600DC7877 /* Assets.xcassets in Resources */,
				B6740EE020B90ECD00ACB85F /* Gotham-Light.otf in Resources */,
				B6740EE720B90ECD00ACB85F /* GothamRnd-Book.otf in Resources */,
				B6740EE620B90ECD00ACB85F /* GothamRnd-Light.otf in Resources */,
				B6740EE120B90ECD00ACB85F /* Gotham-BoldItalic.otf in Resources */,
				B6111DCD201901F600DC7877 /* Main.storyboard in Resources */,
				B6740EDB20B90ECD00ACB85F /* Gotham-UltraItalic.otf in Resources */,
				B6740ED520B90ECD00ACB85F /* Gotham-XLight.otf in Resources */,
			);
			runOnlyForDeploymentPostprocessing = 0;
		};
/* End PBXResourcesBuildPhase section */

/* Begin PBXShellScriptBuildPhase section */
		08AFBF4DF7E216DAFEBFFBF2 /* [CP] Embed Pods Frameworks */ = {
			isa = PBXShellScriptBuildPhase;
			buildActionMask = 2147483647;
			files = (
			);
			inputPaths = (
				"${SRCROOT}/Pods/Target Support Files/Pods-Prynt/Pods-Prynt-frameworks.sh",
				"${BUILT_PRODUCTS_DIR}/GTMSessionFetcher/GTMSessionFetcher.framework",
				"${BUILT_PRODUCTS_DIR}/GoogleToolboxForMac/GoogleToolboxForMac.framework",
				"${BUILT_PRODUCTS_DIR}/leveldb-library/leveldb.framework",
				"${BUILT_PRODUCTS_DIR}/nanopb/nanopb.framework",
			);
			name = "[CP] Embed Pods Frameworks";
			outputPaths = (
				"${TARGET_BUILD_DIR}/${FRAMEWORKS_FOLDER_PATH}/GTMSessionFetcher.framework",
				"${TARGET_BUILD_DIR}/${FRAMEWORKS_FOLDER_PATH}/GoogleToolboxForMac.framework",
				"${TARGET_BUILD_DIR}/${FRAMEWORKS_FOLDER_PATH}/leveldb.framework",
				"${TARGET_BUILD_DIR}/${FRAMEWORKS_FOLDER_PATH}/nanopb.framework",
			);
			runOnlyForDeploymentPostprocessing = 0;
			shellPath = /bin/sh;
			shellScript = "\"${SRCROOT}/Pods/Target Support Files/Pods-Prynt/Pods-Prynt-frameworks.sh\"\n";
			showEnvVarsInLog = 0;
		};
		E3714A2A06CDF42112218FB3 /* [CP] Check Pods Manifest.lock */ = {
			isa = PBXShellScriptBuildPhase;
			buildActionMask = 2147483647;
			files = (
			);
			inputPaths = (
				"${PODS_PODFILE_DIR_PATH}/Podfile.lock",
				"${PODS_ROOT}/Manifest.lock",
			);
			name = "[CP] Check Pods Manifest.lock";
			outputPaths = (
				"$(DERIVED_FILE_DIR)/Pods-Prynt-checkManifestLockResult.txt",
			);
			runOnlyForDeploymentPostprocessing = 0;
			shellPath = /bin/sh;
			shellScript = "diff \"${PODS_PODFILE_DIR_PATH}/Podfile.lock\" \"${PODS_ROOT}/Manifest.lock\" > /dev/null\nif [ $? != 0 ] ; then\n    # print error to STDERR\n    echo \"error: The sandbox is not in sync with the Podfile.lock. Run 'pod install' or update your CocoaPods installation.\" >&2\n    exit 1\nfi\n# This output is used by Xcode 'outputs' to avoid re-running this script phase.\necho \"SUCCESS\" > \"${SCRIPT_OUTPUT_FILE_0}\"\n";
			showEnvVarsInLog = 0;
		};
/* End PBXShellScriptBuildPhase section */

/* Begin PBXSourcesBuildPhase section */
		B6111DBE201901F600DC7877 /* Sources */ = {
			isa = PBXSourcesBuildPhase;
			buildActionMask = 2147483647;
			files = (
				B67A370A203A13E500A72456 /* SocialProfileConstructionViewController.swift in Sources */,
				B6FE7A0F208026AE00F60838 /* CreateSocialProfileViewController.swift in Sources */,
				B62282EB20462B3D00C01F61 /* PastPearsTableViewController.swift in Sources */,
				B6111DDA201903F000DC7877 /* WelcomeViewController.swift in Sources */,
				B6045A562022ECC200609C9B /* PearProfileViewController.swift in Sources */,
				B62282EF20464DAA00C01F61 /* ConfirmPearProfilesVC.swift in Sources */,
				B6111DC6201901F600DC7877 /* AppDelegate.swift in Sources */,
				B6111DDC20199FBC00DC7877 /* SocialProfilesViewController.swift in Sources */,
				B69DEDA3209909860084C1E0 /* PearTabViewController.swift in Sources */,
				B6111DDE2019A95700DC7877 /* DeleteSocialProfileViewController.swift in Sources */,
				B6111DE0201D4C1000DC7877 /* NotificationsViewController.swift in Sources */,
				B6FE7A132080307000F60838 /* SocialProfile.swift in Sources */,
				B6FE7A11208028F200F60838 /* SocialService.swift in Sources */,
				B69DEDA1209904BC0084C1E0 /* PearTabBarController.swift in Sources */,
				B6C945E420AE32FC000374DE /* PearTransaction.swift in Sources */,
				B67A370E203A1B2D00A72456 /* AddNewServiceViewController.swift in Sources */,
				B62282ED2046481C00C01F61 /* QRCodeViewController.swift in Sources */,
				B67A37062039E52D00A72456 /* Extensions.swift in Sources */,
				B6C945E620AE4601000374DE /* PearPendingTransaction.swift in Sources */,
				B6FE7A082080079100F60838 /* PearUser.swift in Sources */,
				B6C945E220AE1B91000374DE /* PearProfileSelectionVC.swift in Sources */,
				B65DEEDD20E99E1B0027A1EF /* ActivityViewController.swift in Sources */,
				B65DEEE120E99E450027A1EF /* ClustersViewController.swift in Sources */,
				B6FE7A0A20801C0400F60838 /* PostRegistrationViewController.swift in Sources */,
				B6B3BE1F206D83B900A70F47 /* FinalRegistrationViewController.swift in Sources */,
				B6B3BE1D206D839600A70F47 /* InitialRegistrationViewController.swift in Sources */,
				B67A370C203A144000A72456 /* NetworkCollectionCell.swift in Sources */,
				B62282E92046287200C01F61 /* SettingsTableViewController.swift in Sources */,
				B67A37082039FC7F00A72456 /* PearTextField.swift in Sources */,
				B62282E120435B2E00C01F61 /* ScannerViewController.swift in Sources */,
				B6FE7A0C2080257400F60838 /* PearViewControllers.swift in Sources */,
				B69DED9F2096A8460084C1E0 /* LoginViewController.swift in Sources */,
				B65DEEDB20E99DE40027A1EF /* RootPageViewController.swift in Sources */,
				B6E4468920BA1CE8006C6B5B /* UserValidationViewController.swift in Sources */,
				B62282F1204743CF00C01F61 /* RadialProgressImageView.swift in Sources */,
			);
			runOnlyForDeploymentPostprocessing = 0;
		};
/* End PBXSourcesBuildPhase section */

/* Begin PBXVariantGroup section */
		B6111DCB201901F600DC7877 /* Main.storyboard */ = {
			isa = PBXVariantGroup;
			children = (
				B6111DCC201901F600DC7877 /* Base */,
			);
			name = Main.storyboard;
			sourceTree = "<group>";
		};
		B6111DD0201901F600DC7877 /* LaunchScreen.storyboard */ = {
			isa = PBXVariantGroup;
			children = (
				B6111DD1201901F600DC7877 /* Base */,
			);
			name = LaunchScreen.storyboard;
			sourceTree = "<group>";
		};
/* End PBXVariantGroup section */

/* Begin XCBuildConfiguration section */
		B6111DD4201901F600DC7877 /* Debug */ = {
			isa = XCBuildConfiguration;
			buildSettings = {
				ALWAYS_SEARCH_USER_PATHS = NO;
				CLANG_ANALYZER_NONNULL = YES;
				CLANG_ANALYZER_NUMBER_OBJECT_CONVERSION = YES_AGGRESSIVE;
				CLANG_CXX_LANGUAGE_STANDARD = "gnu++14";
				CLANG_CXX_LIBRARY = "libc++";
				CLANG_ENABLE_MODULES = YES;
				CLANG_ENABLE_OBJC_ARC = YES;
				CLANG_WARN_BLOCK_CAPTURE_AUTORELEASING = YES;
				CLANG_WARN_BOOL_CONVERSION = YES;
				CLANG_WARN_COMMA = YES;
				CLANG_WARN_CONSTANT_CONVERSION = YES;
				CLANG_WARN_DEPRECATED_OBJC_IMPLEMENTATIONS = YES;
				CLANG_WARN_DIRECT_OBJC_ISA_USAGE = YES_ERROR;
				CLANG_WARN_DOCUMENTATION_COMMENTS = YES;
				CLANG_WARN_EMPTY_BODY = YES;
				CLANG_WARN_ENUM_CONVERSION = YES;
				CLANG_WARN_INFINITE_RECURSION = YES;
				CLANG_WARN_INT_CONVERSION = YES;
				CLANG_WARN_NON_LITERAL_NULL_CONVERSION = YES;
				CLANG_WARN_OBJC_IMPLICIT_RETAIN_SELF = YES;
				CLANG_WARN_OBJC_LITERAL_CONVERSION = YES;
				CLANG_WARN_OBJC_ROOT_CLASS = YES_ERROR;
				CLANG_WARN_RANGE_LOOP_ANALYSIS = YES;
				CLANG_WARN_STRICT_PROTOTYPES = YES;
				CLANG_WARN_SUSPICIOUS_MOVE = YES;
				CLANG_WARN_UNGUARDED_AVAILABILITY = YES_AGGRESSIVE;
				CLANG_WARN_UNREACHABLE_CODE = YES;
				CLANG_WARN__DUPLICATE_METHOD_MATCH = YES;
				CODE_SIGN_IDENTITY = "iPhone Developer";
				COPY_PHASE_STRIP = NO;
				DEBUG_INFORMATION_FORMAT = dwarf;
				ENABLE_STRICT_OBJC_MSGSEND = YES;
				ENABLE_TESTABILITY = YES;
				GCC_C_LANGUAGE_STANDARD = gnu11;
				GCC_DYNAMIC_NO_PIC = NO;
				GCC_NO_COMMON_BLOCKS = YES;
				GCC_OPTIMIZATION_LEVEL = 0;
				GCC_PREPROCESSOR_DEFINITIONS = (
					"DEBUG=1",
					"$(inherited)",
				);
				GCC_WARN_64_TO_32_BIT_CONVERSION = YES;
				GCC_WARN_ABOUT_RETURN_TYPE = YES_ERROR;
				GCC_WARN_UNDECLARED_SELECTOR = YES;
				GCC_WARN_UNINITIALIZED_AUTOS = YES_AGGRESSIVE;
				GCC_WARN_UNUSED_FUNCTION = YES;
				GCC_WARN_UNUSED_VARIABLE = YES;
				IPHONEOS_DEPLOYMENT_TARGET = 11.2;
				MTL_ENABLE_DEBUG_INFO = YES;
				ONLY_ACTIVE_ARCH = YES;
				SDKROOT = iphoneos;
				SWIFT_ACTIVE_COMPILATION_CONDITIONS = DEBUG;
				SWIFT_OPTIMIZATION_LEVEL = "-Onone";
			};
			name = Debug;
		};
		B6111DD5201901F600DC7877 /* Release */ = {
			isa = XCBuildConfiguration;
			buildSettings = {
				ALWAYS_SEARCH_USER_PATHS = NO;
				CLANG_ANALYZER_NONNULL = YES;
				CLANG_ANALYZER_NUMBER_OBJECT_CONVERSION = YES_AGGRESSIVE;
				CLANG_CXX_LANGUAGE_STANDARD = "gnu++14";
				CLANG_CXX_LIBRARY = "libc++";
				CLANG_ENABLE_MODULES = YES;
				CLANG_ENABLE_OBJC_ARC = YES;
				CLANG_WARN_BLOCK_CAPTURE_AUTORELEASING = YES;
				CLANG_WARN_BOOL_CONVERSION = YES;
				CLANG_WARN_COMMA = YES;
				CLANG_WARN_CONSTANT_CONVERSION = YES;
				CLANG_WARN_DEPRECATED_OBJC_IMPLEMENTATIONS = YES;
				CLANG_WARN_DIRECT_OBJC_ISA_USAGE = YES_ERROR;
				CLANG_WARN_DOCUMENTATION_COMMENTS = YES;
				CLANG_WARN_EMPTY_BODY = YES;
				CLANG_WARN_ENUM_CONVERSION = YES;
				CLANG_WARN_INFINITE_RECURSION = YES;
				CLANG_WARN_INT_CONVERSION = YES;
				CLANG_WARN_NON_LITERAL_NULL_CONVERSION = YES;
				CLANG_WARN_OBJC_IMPLICIT_RETAIN_SELF = YES;
				CLANG_WARN_OBJC_LITERAL_CONVERSION = YES;
				CLANG_WARN_OBJC_ROOT_CLASS = YES_ERROR;
				CLANG_WARN_RANGE_LOOP_ANALYSIS = YES;
				CLANG_WARN_STRICT_PROTOTYPES = YES;
				CLANG_WARN_SUSPICIOUS_MOVE = YES;
				CLANG_WARN_UNGUARDED_AVAILABILITY = YES_AGGRESSIVE;
				CLANG_WARN_UNREACHABLE_CODE = YES;
				CLANG_WARN__DUPLICATE_METHOD_MATCH = YES;
				CODE_SIGN_IDENTITY = "iPhone Developer";
				COPY_PHASE_STRIP = NO;
				DEBUG_INFORMATION_FORMAT = "dwarf-with-dsym";
				ENABLE_NS_ASSERTIONS = NO;
				ENABLE_STRICT_OBJC_MSGSEND = YES;
				GCC_C_LANGUAGE_STANDARD = gnu11;
				GCC_NO_COMMON_BLOCKS = YES;
				GCC_WARN_64_TO_32_BIT_CONVERSION = YES;
				GCC_WARN_ABOUT_RETURN_TYPE = YES_ERROR;
				GCC_WARN_UNDECLARED_SELECTOR = YES;
				GCC_WARN_UNINITIALIZED_AUTOS = YES_AGGRESSIVE;
				GCC_WARN_UNUSED_FUNCTION = YES;
				GCC_WARN_UNUSED_VARIABLE = YES;
				IPHONEOS_DEPLOYMENT_TARGET = 11.2;
				MTL_ENABLE_DEBUG_INFO = NO;
				SDKROOT = iphoneos;
				SWIFT_OPTIMIZATION_LEVEL = "-Owholemodule";
				VALIDATE_PRODUCT = YES;
			};
			name = Release;
		};
		B6111DD7201901F600DC7877 /* Debug */ = {
			isa = XCBuildConfiguration;
			baseConfigurationReference = B2B0D9851E45212791C146C3 /* Pods-Prynt.debug.xcconfig */;
			buildSettings = {
				ASSETCATALOG_COMPILER_APPICON_NAME = AppIcon;
				CODE_SIGN_STYLE = Automatic;
				DEVELOPMENT_TEAM = 374VQ98E23;
				INFOPLIST_FILE = Pear/Info.plist;
				IPHONEOS_DEPLOYMENT_TARGET = 11.0;
				LD_RUNPATH_SEARCH_PATHS = "$(inherited) @executable_path/Frameworks";
				PRODUCT_BUNDLE_IDENTIFIER = DominicHolmes.Pear;
				PRODUCT_NAME = "$(TARGET_NAME)";
				SWIFT_VERSION = 4.0;
				TARGETED_DEVICE_FAMILY = "1,2";
			};
			name = Debug;
		};
		B6111DD8201901F600DC7877 /* Release */ = {
			isa = XCBuildConfiguration;
			baseConfigurationReference = 251F70554224E7A5C6E40FDC /* Pods-Prynt.release.xcconfig */;
			buildSettings = {
				ASSETCATALOG_COMPILER_APPICON_NAME = AppIcon;
				CODE_SIGN_STYLE = Automatic;
				DEVELOPMENT_TEAM = 374VQ98E23;
				INFOPLIST_FILE = Pear/Info.plist;
				IPHONEOS_DEPLOYMENT_TARGET = 11.0;
				LD_RUNPATH_SEARCH_PATHS = "$(inherited) @executable_path/Frameworks";
				PRODUCT_BUNDLE_IDENTIFIER = DominicHolmes.Pear;
				PRODUCT_NAME = "$(TARGET_NAME)";
				SWIFT_VERSION = 4.0;
				TARGETED_DEVICE_FAMILY = "1,2";
			};
			name = Release;
		};
/* End XCBuildConfiguration section */

/* Begin XCConfigurationList section */
		B6111DBD201901F600DC7877 /* Build configuration list for PBXProject "Prynt" */ = {
			isa = XCConfigurationList;
			buildConfigurations = (
				B6111DD4201901F600DC7877 /* Debug */,
				B6111DD5201901F600DC7877 /* Release */,
			);
			defaultConfigurationIsVisible = 0;
			defaultConfigurationName = Release;
		};
		B6111DD6201901F600DC7877 /* Build configuration list for PBXNativeTarget "Prynt" */ = {
			isa = XCConfigurationList;
			buildConfigurations = (
				B6111DD7201901F600DC7877 /* Debug */,
				B6111DD8201901F600DC7877 /* Release */,
			);
			defaultConfigurationIsVisible = 0;
			defaultConfigurationName = Release;
		};
/* End XCConfigurationList section */
	};
	rootObject = B6111DBA201901F600DC7877 /* Project object */;
}
