// !$*UTF8*$!
{
	archiveVersion = 1;
	classes = {
	};
	objectVersion = 48;
	objects = {

/* Begin PBXBuildFile section */
		B6045A562022ECC200609C9B /* PearProfileViewController.swift in Sources */ = {isa = PBXBuildFile; fileRef = B6045A552022ECC200609C9B /* PearProfileViewController.swift */; };
		B6111DC6201901F600DC7877 /* AppDelegate.swift in Sources */ = {isa = PBXBuildFile; fileRef = B6111DC5201901F600DC7877 /* AppDelegate.swift */; };
		B6111DCD201901F600DC7877 /* Main.storyboard in Resources */ = {isa = PBXBuildFile; fileRef = B6111DCB201901F600DC7877 /* Main.storyboard */; };
		B6111DCF201901F600DC7877 /* Assets.xcassets in Resources */ = {isa = PBXBuildFile; fileRef = B6111DCE201901F600DC7877 /* Assets.xcassets */; };
		B6111DD2201901F600DC7877 /* LaunchScreen.storyboard in Resources */ = {isa = PBXBuildFile; fileRef = B6111DD0201901F600DC7877 /* LaunchScreen.storyboard */; };
		B6111DDA201903F000DC7877 /* WelcomeViewController.swift in Sources */ = {isa = PBXBuildFile; fileRef = B6111DD9201903F000DC7877 /* WelcomeViewController.swift */; };
		B6111DDC20199FBC00DC7877 /* SocialProfilesViewController.swift in Sources */ = {isa = PBXBuildFile; fileRef = B6111DDB20199FBC00DC7877 /* SocialProfilesViewController.swift */; };
		B6111DDE2019A95700DC7877 /* DeleteSocialProfileViewController.swift in Sources */ = {isa = PBXBuildFile; fileRef = B6111DDD2019A95700DC7877 /* DeleteSocialProfileViewController.swift */; };
		B6111DE0201D4C1000DC7877 /* NotificationsViewController.swift in Sources */ = {isa = PBXBuildFile; fileRef = B6111DDF201D4C1000DC7877 /* NotificationsViewController.swift */; };
		B62282E120435B2E00C01F61 /* ScannerViewController.swift in Sources */ = {isa = PBXBuildFile; fileRef = B62282E020435B2E00C01F61 /* ScannerViewController.swift */; };
		B62282E92046287200C01F61 /* SettingsTableViewController.swift in Sources */ = {isa = PBXBuildFile; fileRef = B62282E82046287200C01F61 /* SettingsTableViewController.swift */; };
		B62282EB20462B3D00C01F61 /* PastPearsTableViewController.swift in Sources */ = {isa = PBXBuildFile; fileRef = B62282EA20462B3D00C01F61 /* PastPearsTableViewController.swift */; };
		B62282ED2046481C00C01F61 /* QRCodeViewController.swift in Sources */ = {isa = PBXBuildFile; fileRef = B62282EC2046481C00C01F61 /* QRCodeViewController.swift */; };
		B62282EF20464DAA00C01F61 /* PearingAnimationViewController.swift in Sources */ = {isa = PBXBuildFile; fileRef = B62282EE20464DAA00C01F61 /* PearingAnimationViewController.swift */; };
		B62282F1204743CF00C01F61 /* RadialProgressImageView.swift in Sources */ = {isa = PBXBuildFile; fileRef = B62282F0204743CF00C01F61 /* RadialProgressImageView.swift */; };
		B67A37062039E52D00A72456 /* Extensions.swift in Sources */ = {isa = PBXBuildFile; fileRef = B67A37052039E52D00A72456 /* Extensions.swift */; };
		B67A37082039FC7F00A72456 /* PearTextField.swift in Sources */ = {isa = PBXBuildFile; fileRef = B67A37072039FC7F00A72456 /* PearTextField.swift */; };
		B67A370A203A13E500A72456 /* ProfileConstructionViewController.swift in Sources */ = {isa = PBXBuildFile; fileRef = B67A3709203A13E500A72456 /* ProfileConstructionViewController.swift */; };
		B67A370C203A144000A72456 /* NetworkCollectionCell.swift in Sources */ = {isa = PBXBuildFile; fileRef = B67A370B203A144000A72456 /* NetworkCollectionCell.swift */; };
		B67A370E203A1B2D00A72456 /* AddNewNetworkViewController.swift in Sources */ = {isa = PBXBuildFile; fileRef = B67A370D203A1B2D00A72456 /* AddNewNetworkViewController.swift */; };
/* End PBXBuildFile section */

/* Begin PBXFileReference section */
		B6045A552022ECC200609C9B /* PearProfileViewController.swift */ = {isa = PBXFileReference; lastKnownFileType = sourcecode.swift; path = PearProfileViewController.swift; sourceTree = "<group>"; };
		B6111DC2201901F600DC7877 /* Pear.app */ = {isa = PBXFileReference; explicitFileType = wrapper.application; includeInIndex = 0; path = Pear.app; sourceTree = BUILT_PRODUCTS_DIR; };
		B6111DC5201901F600DC7877 /* AppDelegate.swift */ = {isa = PBXFileReference; lastKnownFileType = sourcecode.swift; path = AppDelegate.swift; sourceTree = "<group>"; };
		B6111DCC201901F600DC7877 /* Base */ = {isa = PBXFileReference; lastKnownFileType = file.storyboard; name = Base; path = Base.lproj/Main.storyboard; sourceTree = "<group>"; };
		B6111DCE201901F600DC7877 /* Assets.xcassets */ = {isa = PBXFileReference; lastKnownFileType = folder.assetcatalog; path = Assets.xcassets; sourceTree = "<group>"; };
		B6111DD1201901F600DC7877 /* Base */ = {isa = PBXFileReference; lastKnownFileType = file.storyboard; name = Base; path = Base.lproj/LaunchScreen.storyboard; sourceTree = "<group>"; };
		B6111DD3201901F600DC7877 /* Info.plist */ = {isa = PBXFileReference; lastKnownFileType = text.plist.xml; path = Info.plist; sourceTree = "<group>"; };
		B6111DD9201903F000DC7877 /* WelcomeViewController.swift */ = {isa = PBXFileReference; lastKnownFileType = sourcecode.swift; path = WelcomeViewController.swift; sourceTree = "<group>"; };
		B6111DDB20199FBC00DC7877 /* SocialProfilesViewController.swift */ = {isa = PBXFileReference; lastKnownFileType = sourcecode.swift; path = SocialProfilesViewController.swift; sourceTree = "<group>"; };
		B6111DDD2019A95700DC7877 /* DeleteSocialProfileViewController.swift */ = {isa = PBXFileReference; lastKnownFileType = sourcecode.swift; path = DeleteSocialProfileViewController.swift; sourceTree = "<group>"; };
		B6111DDF201D4C1000DC7877 /* NotificationsViewController.swift */ = {isa = PBXFileReference; lastKnownFileType = sourcecode.swift; path = NotificationsViewController.swift; sourceTree = "<group>"; };
		B62282E020435B2E00C01F61 /* ScannerViewController.swift */ = {isa = PBXFileReference; lastKnownFileType = sourcecode.swift; path = ScannerViewController.swift; sourceTree = "<group>"; };
		B62282E82046287200C01F61 /* SettingsTableViewController.swift */ = {isa = PBXFileReference; lastKnownFileType = sourcecode.swift; path = SettingsTableViewController.swift; sourceTree = "<group>"; };
		B62282EA20462B3D00C01F61 /* PastPearsTableViewController.swift */ = {isa = PBXFileReference; lastKnownFileType = sourcecode.swift; path = PastPearsTableViewController.swift; sourceTree = "<group>"; };
		B62282EC2046481C00C01F61 /* QRCodeViewController.swift */ = {isa = PBXFileReference; lastKnownFileType = sourcecode.swift; path = QRCodeViewController.swift; sourceTree = "<group>"; };
		B62282EE20464DAA00C01F61 /* PearingAnimationViewController.swift */ = {isa = PBXFileReference; lastKnownFileType = sourcecode.swift; path = PearingAnimationViewController.swift; sourceTree = "<group>"; };
		B62282F0204743CF00C01F61 /* RadialProgressImageView.swift */ = {isa = PBXFileReference; lastKnownFileType = sourcecode.swift; path = RadialProgressImageView.swift; sourceTree = "<group>"; };
		B67A37052039E52D00A72456 /* Extensions.swift */ = {isa = PBXFileReference; lastKnownFileType = sourcecode.swift; path = Extensions.swift; sourceTree = "<group>"; };
		B67A37072039FC7F00A72456 /* PearTextField.swift */ = {isa = PBXFileReference; lastKnownFileType = sourcecode.swift; path = PearTextField.swift; sourceTree = "<group>"; };
		B67A3709203A13E500A72456 /* ProfileConstructionViewController.swift */ = {isa = PBXFileReference; lastKnownFileType = sourcecode.swift; path = ProfileConstructionViewController.swift; sourceTree = "<group>"; };
		B67A370B203A144000A72456 /* NetworkCollectionCell.swift */ = {isa = PBXFileReference; lastKnownFileType = sourcecode.swift; path = NetworkCollectionCell.swift; sourceTree = "<group>"; };
		B67A370D203A1B2D00A72456 /* AddNewNetworkViewController.swift */ = {isa = PBXFileReference; lastKnownFileType = sourcecode.swift; path = AddNewNetworkViewController.swift; sourceTree = "<group>"; };
/* End PBXFileReference section */

/* Begin PBXFrameworksBuildPhase section */
		B6111DBF201901F600DC7877 /* Frameworks */ = {
			isa = PBXFrameworksBuildPhase;
			buildActionMask = 2147483647;
			files = (
			);
			runOnlyForDeploymentPostprocessing = 0;
		};
/* End PBXFrameworksBuildPhase section */

/* Begin PBXGroup section */
		B6111DB9201901F600DC7877 = {
			isa = PBXGroup;
			children = (
				B6111DC4201901F600DC7877 /* Pear */,
				B6111DC3201901F600DC7877 /* Products */,
			);
			sourceTree = "<group>";
		};
		B6111DC3201901F600DC7877 /* Products */ = {
			isa = PBXGroup;
			children = (
				B6111DC2201901F600DC7877 /* Pear.app */,
			);
			name = Products;
			sourceTree = "<group>";
		};
		B6111DC4201901F600DC7877 /* Pear */ = {
			isa = PBXGroup;
			children = (
				B62282E22046279B00C01F61 /* Onboarding */,
				B62282E72046283200C01F61 /* Pearing */,
				B62282E3204627AA00C01F61 /* Profiles */,
				B62282E6204627F100C01F61 /* Settings */,
				B62282E5204627EA00C01F61 /* Notifications */,
				B62282E4204627BD00C01F61 /* General */,
				B6111DCB201901F600DC7877 /* Main.storyboard */,
				B6111DCE201901F600DC7877 /* Assets.xcassets */,
				B6111DD0201901F600DC7877 /* LaunchScreen.storyboard */,
				B6111DD3201901F600DC7877 /* Info.plist */,
			);
			path = Pear;
			sourceTree = "<group>";
		};
		B62282E22046279B00C01F61 /* Onboarding */ = {
			isa = PBXGroup;
			children = (
				B67A3709203A13E500A72456 /* ProfileConstructionViewController.swift */,
				B6111DD9201903F000DC7877 /* WelcomeViewController.swift */,
				B67A370D203A1B2D00A72456 /* AddNewNetworkViewController.swift */,
			);
			path = Onboarding;
			sourceTree = "<group>";
		};
		B62282E3204627AA00C01F61 /* Profiles */ = {
			isa = PBXGroup;
			children = (
				B6111DDB20199FBC00DC7877 /* SocialProfilesViewController.swift */,
				B67A370B203A144000A72456 /* NetworkCollectionCell.swift */,
				B6045A552022ECC200609C9B /* PearProfileViewController.swift */,
				B62282EA20462B3D00C01F61 /* PastPearsTableViewController.swift */,
				B6111DDD2019A95700DC7877 /* DeleteSocialProfileViewController.swift */,
			);
			path = Profiles;
			sourceTree = "<group>";
		};
		B62282E4204627BD00C01F61 /* General */ = {
			isa = PBXGroup;
			children = (
				B6111DC5201901F600DC7877 /* AppDelegate.swift */,
				B62282F0204743CF00C01F61 /* RadialProgressImageView.swift */,
				B67A37072039FC7F00A72456 /* PearTextField.swift */,
				B67A37052039E52D00A72456 /* Extensions.swift */,
			);
			path = General;
			sourceTree = "<group>";
		};
		B62282E5204627EA00C01F61 /* Notifications */ = {
			isa = PBXGroup;
			children = (
				B6111DDF201D4C1000DC7877 /* NotificationsViewController.swift */,
			);
			path = Notifications;
			sourceTree = "<group>";
		};
		B62282E6204627F100C01F61 /* Settings */ = {
			isa = PBXGroup;
			children = (
				B62282E82046287200C01F61 /* SettingsTableViewController.swift */,
			);
			path = Settings;
			sourceTree = "<group>";
		};
		B62282E72046283200C01F61 /* Pearing */ = {
			isa = PBXGroup;
			children = (
				B62282E020435B2E00C01F61 /* ScannerViewController.swift */,
				B62282EC2046481C00C01F61 /* QRCodeViewController.swift */,
				B62282EE20464DAA00C01F61 /* PearingAnimationViewController.swift */,
			);
			path = Pearing;
			sourceTree = "<group>";
		};
/* End PBXGroup section */

/* Begin PBXNativeTarget section */
		B6111DC1201901F600DC7877 /* Pear */ = {
			isa = PBXNativeTarget;
			buildConfigurationList = B6111DD6201901F600DC7877 /* Build configuration list for PBXNativeTarget "Pear" */;
			buildPhases = (
				B6111DBE201901F600DC7877 /* Sources */,
				B6111DBF201901F600DC7877 /* Frameworks */,
				B6111DC0201901F600DC7877 /* Resources */,
			);
			buildRules = (
			);
			dependencies = (
			);
			name = Pear;
			productName = Pear;
			productReference = B6111DC2201901F600DC7877 /* Pear.app */;
			productType = "com.apple.product-type.application";
		};
/* End PBXNativeTarget section */

/* Begin PBXProject section */
		B6111DBA201901F600DC7877 /* Project object */ = {
			isa = PBXProject;
			attributes = {
				LastSwiftUpdateCheck = 0920;
				LastUpgradeCheck = 0920;
				ORGANIZATIONNAME = "Dominic Holmes";
				TargetAttributes = {
					B6111DC1201901F600DC7877 = {
						CreatedOnToolsVersion = 9.2;
						ProvisioningStyle = Automatic;
					};
				};
			};
			buildConfigurationList = B6111DBD201901F600DC7877 /* Build configuration list for PBXProject "Pear" */;
			compatibilityVersion = "Xcode 8.0";
			developmentRegion = en;
			hasScannedForEncodings = 0;
			knownRegions = (
				en,
				Base,
			);
			mainGroup = B6111DB9201901F600DC7877;
			productRefGroup = B6111DC3201901F600DC7877 /* Products */;
			projectDirPath = "";
			projectRoot = "";
			targets = (
				B6111DC1201901F600DC7877 /* Pear */,
			);
		};
/* End PBXProject section */

/* Begin PBXResourcesBuildPhase section */
		B6111DC0201901F600DC7877 /* Resources */ = {
			isa = PBXResourcesBuildPhase;
			buildActionMask = 2147483647;
			files = (
				B6111DD2201901F600DC7877 /* LaunchScreen.storyboard in Resources */,
				B6111DCF201901F600DC7877 /* Assets.xcassets in Resources */,
				B6111DCD201901F600DC7877 /* Main.storyboard in Resources */,
			);
			runOnlyForDeploymentPostprocessing = 0;
		};
/* End PBXResourcesBuildPhase section */

/* Begin PBXSourcesBuildPhase section */
		B6111DBE201901F600DC7877 /* Sources */ = {
			isa = PBXSourcesBuildPhase;
			buildActionMask = 2147483647;
			files = (
				B67A370A203A13E500A72456 /* ProfileConstructionViewController.swift in Sources */,
				B62282EB20462B3D00C01F61 /* PastPearsTableViewController.swift in Sources */,
				B6111DDA201903F000DC7877 /* WelcomeViewController.swift in Sources */,
				B6045A562022ECC200609C9B /* PearProfileViewController.swift in Sources */,
				B62282EF20464DAA00C01F61 /* PearingAnimationViewController.swift in Sources */,
				B6111DC6201901F600DC7877 /* AppDelegate.swift in Sources */,
				B6111DDC20199FBC00DC7877 /* SocialProfilesViewController.swift in Sources */,
				B6111DDE2019A95700DC7877 /* DeleteSocialProfileViewController.swift in Sources */,
				B6111DE0201D4C1000DC7877 /* NotificationsViewController.swift in Sources */,
				B67A370E203A1B2D00A72456 /* AddNewNetworkViewController.swift in Sources */,
				B62282ED2046481C00C01F61 /* QRCodeViewController.swift in Sources */,
				B67A37062039E52D00A72456 /* Extensions.swift in Sources */,
				B67A370C203A144000A72456 /* NetworkCollectionCell.swift in Sources */,
				B62282E92046287200C01F61 /* SettingsTableViewController.swift in Sources */,
				B67A37082039FC7F00A72456 /* PearTextField.swift in Sources */,
				B62282E120435B2E00C01F61 /* ScannerViewController.swift in Sources */,
				B62282F1204743CF00C01F61 /* RadialProgressImageView.swift in Sources */,
			);
			runOnlyForDeploymentPostprocessing = 0;
		};
/* End PBXSourcesBuildPhase section */

/* Begin PBXVariantGroup section */
		B6111DCB201901F600DC7877 /* Main.storyboard */ = {
			isa = PBXVariantGroup;
			children = (
				B6111DCC201901F600DC7877 /* Base */,
			);
			name = Main.storyboard;
			sourceTree = "<group>";
		};
		B6111DD0201901F600DC7877 /* LaunchScreen.storyboard */ = {
			isa = PBXVariantGroup;
			children = (
				B6111DD1201901F600DC7877 /* Base */,
			);
			name = LaunchScreen.storyboard;
			sourceTree = "<group>";
		};
/* End PBXVariantGroup section */

/* Begin XCBuildConfiguration section */
		B6111DD4201901F600DC7877 /* Debug */ = {
			isa = XCBuildConfiguration;
			buildSettings = {
				ALWAYS_SEARCH_USER_PATHS = NO;
				CLANG_ANALYZER_NONNULL = YES;
				CLANG_ANALYZER_NUMBER_OBJECT_CONVERSION = YES_AGGRESSIVE;
				CLANG_CXX_LANGUAGE_STANDARD = "gnu++14";
				CLANG_CXX_LIBRARY = "libc++";
				CLANG_ENABLE_MODULES = YES;
				CLANG_ENABLE_OBJC_ARC = YES;
				CLANG_WARN_BLOCK_CAPTURE_AUTORELEASING = YES;
				CLANG_WARN_BOOL_CONVERSION = YES;
				CLANG_WARN_COMMA = YES;
				CLANG_WARN_CONSTANT_CONVERSION = YES;
				CLANG_WARN_DIRECT_OBJC_ISA_USAGE = YES_ERROR;
				CLANG_WARN_DOCUMENTATION_COMMENTS = YES;
				CLANG_WARN_EMPTY_BODY = YES;
				CLANG_WARN_ENUM_CONVERSION = YES;
				CLANG_WARN_INFINITE_RECURSION = YES;
				CLANG_WARN_INT_CONVERSION = YES;
				CLANG_WARN_NON_LITERAL_NULL_CONVERSION = YES;
				CLANG_WARN_OBJC_LITERAL_CONVERSION = YES;
				CLANG_WARN_OBJC_ROOT_CLASS = YES_ERROR;
				CLANG_WARN_RANGE_LOOP_ANALYSIS = YES;
				CLANG_WARN_STRICT_PROTOTYPES = YES;
				CLANG_WARN_SUSPICIOUS_MOVE = YES;
				CLANG_WARN_UNGUARDED_AVAILABILITY = YES_AGGRESSIVE;
				CLANG_WARN_UNREACHABLE_CODE = YES;
				CLANG_WARN__DUPLICATE_METHOD_MATCH = YES;
				CODE_SIGN_IDENTITY = "iPhone Developer";
				COPY_PHASE_STRIP = NO;
				DEBUG_INFORMATION_FORMAT = dwarf;
				ENABLE_STRICT_OBJC_MSGSEND = YES;
				ENABLE_TESTABILITY = YES;
				GCC_C_LANGUAGE_STANDARD = gnu11;
				GCC_DYNAMIC_NO_PIC = NO;
				GCC_NO_COMMON_BLOCKS = YES;
				GCC_OPTIMIZATION_LEVEL = 0;
				GCC_PREPROCESSOR_DEFINITIONS = (
					"DEBUG=1",
					"$(inherited)",
				);
				GCC_WARN_64_TO_32_BIT_CONVERSION = YES;
				GCC_WARN_ABOUT_RETURN_TYPE = YES_ERROR;
				GCC_WARN_UNDECLARED_SELECTOR = YES;
				GCC_WARN_UNINITIALIZED_AUTOS = YES_AGGRESSIVE;
				GCC_WARN_UNUSED_FUNCTION = YES;
				GCC_WARN_UNUSED_VARIABLE = YES;
				IPHONEOS_DEPLOYMENT_TARGET = 11.2;
				MTL_ENABLE_DEBUG_INFO = YES;
				ONLY_ACTIVE_ARCH = YES;
				SDKROOT = iphoneos;
				SWIFT_ACTIVE_COMPILATION_CONDITIONS = DEBUG;
				SWIFT_OPTIMIZATION_LEVEL = "-Onone";
			};
			name = Debug;
		};
		B6111DD5201901F600DC7877 /* Release */ = {
			isa = XCBuildConfiguration;
			buildSettings = {
				ALWAYS_SEARCH_USER_PATHS = NO;
				CLANG_ANALYZER_NONNULL = YES;
				CLANG_ANALYZER_NUMBER_OBJECT_CONVERSION = YES_AGGRESSIVE;
				CLANG_CXX_LANGUAGE_STANDARD = "gnu++14";
				CLANG_CXX_LIBRARY = "libc++";
				CLANG_ENABLE_MODULES = YES;
				CLANG_ENABLE_OBJC_ARC = YES;
				CLANG_WARN_BLOCK_CAPTURE_AUTORELEASING = YES;
				CLANG_WARN_BOOL_CONVERSION = YES;
				CLANG_WARN_COMMA = YES;
				CLANG_WARN_CONSTANT_CONVERSION = YES;
				CLANG_WARN_DIRECT_OBJC_ISA_USAGE = YES_ERROR;
				CLANG_WARN_DOCUMENTATION_COMMENTS = YES;
				CLANG_WARN_EMPTY_BODY = YES;
				CLANG_WARN_ENUM_CONVERSION = YES;
				CLANG_WARN_INFINITE_RECURSION = YES;
				CLANG_WARN_INT_CONVERSION = YES;
				CLANG_WARN_NON_LITERAL_NULL_CONVERSION = YES;
				CLANG_WARN_OBJC_LITERAL_CONVERSION = YES;
				CLANG_WARN_OBJC_ROOT_CLASS = YES_ERROR;
				CLANG_WARN_RANGE_LOOP_ANALYSIS = YES;
				CLANG_WARN_STRICT_PROTOTYPES = YES;
				CLANG_WARN_SUSPICIOUS_MOVE = YES;
				CLANG_WARN_UNGUARDED_AVAILABILITY = YES_AGGRESSIVE;
				CLANG_WARN_UNREACHABLE_CODE = YES;
				CLANG_WARN__DUPLICATE_METHOD_MATCH = YES;
				CODE_SIGN_IDENTITY = "iPhone Developer";
				COPY_PHASE_STRIP = NO;
				DEBUG_INFORMATION_FORMAT = "dwarf-with-dsym";
				ENABLE_NS_ASSERTIONS = NO;
				ENABLE_STRICT_OBJC_MSGSEND = YES;
				GCC_C_LANGUAGE_STANDARD = gnu11;
				GCC_NO_COMMON_BLOCKS = YES;
				GCC_WARN_64_TO_32_BIT_CONVERSION = YES;
				GCC_WARN_ABOUT_RETURN_TYPE = YES_ERROR;
				GCC_WARN_UNDECLARED_SELECTOR = YES;
				GCC_WARN_UNINITIALIZED_AUTOS = YES_AGGRESSIVE;
				GCC_WARN_UNUSED_FUNCTION = YES;
				GCC_WARN_UNUSED_VARIABLE = YES;
				IPHONEOS_DEPLOYMENT_TARGET = 11.2;
				MTL_ENABLE_DEBUG_INFO = NO;
				SDKROOT = iphoneos;
				SWIFT_OPTIMIZATION_LEVEL = "-Owholemodule";
				VALIDATE_PRODUCT = YES;
			};
			name = Release;
		};
		B6111DD7201901F600DC7877 /* Debug */ = {
			isa = XCBuildConfiguration;
			buildSettings = {
				ASSETCATALOG_COMPILER_APPICON_NAME = AppIcon;
				CODE_SIGN_STYLE = Automatic;
				DEVELOPMENT_TEAM = 374VQ98E23;
				INFOPLIST_FILE = Pear/Info.plist;
				LD_RUNPATH_SEARCH_PATHS = "$(inherited) @executable_path/Frameworks";
				PRODUCT_BUNDLE_IDENTIFIER = DominicHolmes.Pear;
				PRODUCT_NAME = "$(TARGET_NAME)";
				SWIFT_VERSION = 4.0;
				TARGETED_DEVICE_FAMILY = "1,2";
			};
			name = Debug;
		};
		B6111DD8201901F600DC7877 /* Release */ = {
			isa = XCBuildConfiguration;
			buildSettings = {
				ASSETCATALOG_COMPILER_APPICON_NAME = AppIcon;
				CODE_SIGN_STYLE = Automatic;
				DEVELOPMENT_TEAM = 374VQ98E23;
				INFOPLIST_FILE = Pear/Info.plist;
				LD_RUNPATH_SEARCH_PATHS = "$(inherited) @executable_path/Frameworks";
				PRODUCT_BUNDLE_IDENTIFIER = DominicHolmes.Pear;
				PRODUCT_NAME = "$(TARGET_NAME)";
				SWIFT_VERSION = 4.0;
				TARGETED_DEVICE_FAMILY = "1,2";
			};
			name = Release;
		};
/* End XCBuildConfiguration section */

/* Begin XCConfigurationList section */
		B6111DBD201901F600DC7877 /* Build configuration list for PBXProject "Pear" */ = {
			isa = XCConfigurationList;
			buildConfigurations = (
				B6111DD4201901F600DC7877 /* Debug */,
				B6111DD5201901F600DC7877 /* Release */,
			);
			defaultConfigurationIsVisible = 0;
			defaultConfigurationName = Release;
		};
		B6111DD6201901F600DC7877 /* Build configuration list for PBXNativeTarget "Pear" */ = {
			isa = XCConfigurationList;
			buildConfigurations = (
				B6111DD7201901F600DC7877 /* Debug */,
				B6111DD8201901F600DC7877 /* Release */,
			);
			defaultConfigurationIsVisible = 0;
			defaultConfigurationName = Release;
		};
/* End XCConfigurationList section */
	};
	rootObject = B6111DBA201901F600DC7877 /* Project object */;
}
